
Microsoft Visual Studio Solution File, Format Version 12.00
# Visual Studio 15
VisualStudioVersion = 15.0.28010.2026
MinimumVisualStudioVersion = 10.0.40219.1
Project("{FAE04EC0-301F-11D3-BF4B-00C04F79EFBC}") = "HamsterMouthsAreTheOppositeOfDinoButts", "HamsterMouthsAreTheOppositeOfDinoButts\HamsterMouthsAreTheOppositeOfDinoButts.csproj", "{64CF760C-DA27-4C1B-864D-66F3444013CD}"
EndProject
Global
	GlobalSection(SolutionConfigurationPlatforms) = preSolution
		Debug|Any CPU = Debug|Any CPU
		Release|Any CPU = Release|Any CPU
	EndGlobalSection
	GlobalSection(ProjectConfigurationPlatforms) = postSolution
		{64CF760C-DA27-4C1B-864D-66F3444013CD}.Debug|Any CPU.ActiveCfg = Debug|Any CPU
		{64CF760C-DA27-4C1B-864D-66F3444013CD}.Debug|Any CPU.Build.0 = Debug|Any CPU
		{64CF760C-DA27-4C1B-864D-66F3444013CD}.Release|Any CPU.ActiveCfg = Release|Any CPU
		{64CF760C-DA27-4C1B-864D-66F3444013CD}.Release|Any CPU.Build.0 = Release|Any CPU
	EndGlobalSection
	GlobalSection(SolutionProperties) = preSolution
		HideSolutionNode = FALSE
	EndGlobalSection
	GlobalSection(ExtensibilityGlobals) = postSolution
		SolutionGuid = {E293C613-BF8B-4D72-B548-9CA395BB0B20}
	EndGlobalSection
EndGlobal
