
Microsoft Visual Studio Solution File, Format Version 12.00
# Visual Studio 15
VisualStudioVersion = 15.0.28010.2026
MinimumVisualStudioVersion = 10.0.40219.1
Project("{FAE04EC0-301F-11D3-BF4B-00C04F79EFBC}") = "BackWardsCompatibleDinoms", "BackWardsCompatibleDinoms\BackWardsCompatibleDinoms.csproj", "{2BA6E740-DA22-4417-AB5C-D413EE4CE59A}"
EndProject
Global
	GlobalSection(SolutionConfigurationPlatforms) = preSolution
		Debug|Any CPU = Debug|Any CPU
		Release|Any CPU = Release|Any CPU
	EndGlobalSection
	GlobalSection(ProjectConfigurationPlatforms) = postSolution
		{2BA6E740-DA22-4417-AB5C-D413EE4CE59A}.Debug|Any CPU.ActiveCfg = Debug|Any CPU
		{2BA6E740-DA22-4417-AB5C-D413EE4CE59A}.Debug|Any CPU.Build.0 = Debug|Any CPU
		{2BA6E740-DA22-4417-AB5C-D413EE4CE59A}.Release|Any CPU.ActiveCfg = Release|Any CPU
		{2BA6E740-DA22-4417-AB5C-D413EE4CE59A}.Release|Any CPU.Build.0 = Release|Any CPU
	EndGlobalSection
	GlobalSection(SolutionProperties) = preSolution
		HideSolutionNode = FALSE
	EndGlobalSection
	GlobalSection(ExtensibilityGlobals) = postSolution
		SolutionGuid = {2EA2D0BD-61B1-4754-91AC-ED8D5DB1DEAC}
	EndGlobalSection
EndGlobal
