
Microsoft Visual Studio Solution File, Format Version 12.00
# Visual Studio 15
VisualStudioVersion = 15.0.27703.2026
MinimumVisualStudioVersion = 10.0.40219.1
Project("{FAE04EC0-301F-11D3-BF4B-00C04F79EFBC}") = "DinosaurSettings", "DinosaurSettings\DinosaurSettings.csproj", "{4C895232-E86E-46DC-945C-7F05B7F092D2}"
EndProject
Global
	GlobalSection(SolutionConfigurationPlatforms) = preSolution
		Debug|Any CPU = Debug|Any CPU
		Release|Any CPU = Release|Any CPU
	EndGlobalSection
	GlobalSection(ProjectConfigurationPlatforms) = postSolution
		{4C895232-E86E-46DC-945C-7F05B7F092D2}.Debug|Any CPU.ActiveCfg = Debug|Any CPU
		{4C895232-E86E-46DC-945C-7F05B7F092D2}.Debug|Any CPU.Build.0 = Debug|Any CPU
		{4C895232-E86E-46DC-945C-7F05B7F092D2}.Release|Any CPU.ActiveCfg = Release|Any CPU
		{4C895232-E86E-46DC-945C-7F05B7F092D2}.Release|Any CPU.Build.0 = Release|Any CPU
	EndGlobalSection
	GlobalSection(SolutionProperties) = preSolution
		HideSolutionNode = FALSE
	EndGlobalSection
	GlobalSection(ExtensibilityGlobals) = postSolution
		SolutionGuid = {E8BFF133-24D8-4D24-AA30-EB54F3F4BD46}
	EndGlobalSection
EndGlobal
