
Microsoft Visual Studio Solution File, Format Version 12.00
# Visual Studio 15
VisualStudioVersion = 15.0.28307.168
MinimumVisualStudioVersion = 10.0.40219.1
Project("{FAE04EC0-301F-11D3-BF4B-00C04F79EFBC}") = "BackstoryConvertor", "BackstoryConvertor\BackstoryConvertor.csproj", "{F0306E85-2DFD-4D69-A7EB-DCEFD4E33E1A}"
EndProject
Global
	GlobalSection(SolutionConfigurationPlatforms) = preSolution
		Debug|Any CPU = Debug|Any CPU
		Release|Any CPU = Release|Any CPU
	EndGlobalSection
	GlobalSection(ProjectConfigurationPlatforms) = postSolution
		{F0306E85-2DFD-4D69-A7EB-DCEFD4E33E1A}.Debug|Any CPU.ActiveCfg = Debug|Any CPU
		{F0306E85-2DFD-4D69-A7EB-DCEFD4E33E1A}.Debug|Any CPU.Build.0 = Debug|Any CPU
		{F0306E85-2DFD-4D69-A7EB-DCEFD4E33E1A}.Release|Any CPU.ActiveCfg = Release|Any CPU
		{F0306E85-2DFD-4D69-A7EB-DCEFD4E33E1A}.Release|Any CPU.Build.0 = Release|Any CPU
	EndGlobalSection
	GlobalSection(SolutionProperties) = preSolution
		HideSolutionNode = FALSE
	EndGlobalSection
	GlobalSection(ExtensibilityGlobals) = postSolution
		SolutionGuid = {DB4C7705-75BA-4599-82E0-B96B6924D0DC}
	EndGlobalSection
EndGlobal
