
Microsoft Visual Studio Solution File, Format Version 12.00
# Visual Studio 15
VisualStudioVersion = 15.0.27428.2005
MinimumVisualStudioVersion = 10.0.40219.1
Project("{FAE04EC0-301F-11D3-BF4B-00C04F79EFBC}") = "Doom2016", "Doom2016\Doom2016.csproj", "{26277890-8E14-4756-8D54-35F4B66BFC60}"
EndProject
Global
	GlobalSection(SolutionConfigurationPlatforms) = preSolution
		Debug|Any CPU = Debug|Any CPU
		Release|Any CPU = Release|Any CPU
	EndGlobalSection
	GlobalSection(ProjectConfigurationPlatforms) = postSolution
		{26277890-8E14-4756-8D54-35F4B66BFC60}.Debug|Any CPU.ActiveCfg = Debug|Any CPU
		{26277890-8E14-4756-8D54-35F4B66BFC60}.Debug|Any CPU.Build.0 = Debug|Any CPU
		{26277890-8E14-4756-8D54-35F4B66BFC60}.Release|Any CPU.ActiveCfg = Release|Any CPU
		{26277890-8E14-4756-8D54-35F4B66BFC60}.Release|Any CPU.Build.0 = Release|Any CPU
	EndGlobalSection
	GlobalSection(SolutionProperties) = preSolution
		HideSolutionNode = FALSE
	EndGlobalSection
	GlobalSection(ExtensibilityGlobals) = postSolution
		SolutionGuid = {EAF4CBA0-8A1A-4124-9601-43708FB86D26}
	EndGlobalSection
EndGlobal
