
Microsoft Visual Studio Solution File, Format Version 12.00
# Visual Studio 15
VisualStudioVersion = 15.0.27703.2042
MinimumVisualStudioVersion = 10.0.40219.1
Project("{FAE04EC0-301F-11D3-BF4B-00C04F79EFBC}") = "FeroFaxOverlay", "FeroFaxOverlay\FeroFaxOverlay.csproj", "{464950CD-951A-4FFA-B2F2-6CB5043DBF25}"
EndProject
Global
	GlobalSection(SolutionConfigurationPlatforms) = preSolution
		Debug|Any CPU = Debug|Any CPU
		Release|Any CPU = Release|Any CPU
	EndGlobalSection
	GlobalSection(ProjectConfigurationPlatforms) = postSolution
		{464950CD-951A-4FFA-B2F2-6CB5043DBF25}.Debug|Any CPU.ActiveCfg = Debug|Any CPU
		{464950CD-951A-4FFA-B2F2-6CB5043DBF25}.Debug|Any CPU.Build.0 = Debug|Any CPU
		{464950CD-951A-4FFA-B2F2-6CB5043DBF25}.Release|Any CPU.ActiveCfg = Release|Any CPU
		{464950CD-951A-4FFA-B2F2-6CB5043DBF25}.Release|Any CPU.Build.0 = Release|Any CPU
	EndGlobalSection
	GlobalSection(SolutionProperties) = preSolution
		HideSolutionNode = FALSE
	EndGlobalSection
	GlobalSection(ExtensibilityGlobals) = postSolution
		SolutionGuid = {03091E6E-2E07-44EC-8211-64C10BBE7D0F}
	EndGlobalSection
EndGlobal
